
Microsoft Visual Studio Solution File, Format Version 12.00
# Visual Studio Version 16
VisualStudioVersion = 16.0.29806.167
MinimumVisualStudioVersion = 10.0.40219.1
Project("{FAE04EC0-301F-11D3-BF4B-00C04F79EFBC}") = "Rx_simple example", "Rx_simple example\Rx_simple example.csproj", "{3E5D1490-8481-489D-817C-A6690A7ABAC4}"
EndProject
Global
	GlobalSection(SolutionConfigurationPlatforms) = preSolution
		Debug|Any CPU = Debug|Any CPU
		Release|Any CPU = Release|Any CPU
	EndGlobalSection
	GlobalSection(ProjectConfigurationPlatforms) = postSolution
		{3E5D1490-8481-489D-817C-A6690A7ABAC4}.Debug|Any CPU.ActiveCfg = Debug|Any CPU
		{3E5D1490-8481-489D-817C-A6690A7ABAC4}.Debug|Any CPU.Build.0 = Debug|Any CPU
		{3E5D1490-8481-489D-817C-A6690A7ABAC4}.Release|Any CPU.ActiveCfg = Release|Any CPU
		{3E5D1490-8481-489D-817C-A6690A7ABAC4}.Release|Any CPU.Build.0 = Release|Any CPU
	EndGlobalSection
	GlobalSection(SolutionProperties) = preSolution
		HideSolutionNode = FALSE
	EndGlobalSection
	GlobalSection(ExtensibilityGlobals) = postSolution
		SolutionGuid = {37E44F3C-C865-457F-8F73-842066A2DC3D}
	EndGlobalSection
EndGlobal
